// !$*UTF8*$!
{
	archiveVersion = 1;
	classes = {
	};
	objectVersion = 50;
	objects = {

/* Begin PBXBuildFile section */
		4A025F7A25056E55006D1DDE /* HomeTabBarController.swift in Sources */ = {isa = PBXBuildFile; fileRef = 4A025F7925056E55006D1DDE /* HomeTabBarController.swift */; };
		4A025F7C25057068006D1DDE /* LogoutInteractor.swift in Sources */ = {isa = PBXBuildFile; fileRef = 4A025F7B25057068006D1DDE /* LogoutInteractor.swift */; };
		4A025F7E250571E3006D1DDE /* LogoutRequest.swift in Sources */ = {isa = PBXBuildFile; fileRef = 4A025F7D250571E3006D1DDE /* LogoutRequest.swift */; };
		4A025F8025057405006D1DDE /* UIViewController+Alert.swift in Sources */ = {isa = PBXBuildFile; fileRef = 4A025F7F25057405006D1DDE /* UIViewController+Alert.swift */; };
		4A025F82250574FA006D1DDE /* LogoutResponse.swift in Sources */ = {isa = PBXBuildFile; fileRef = 4A025F81250574FA006D1DDE /* LogoutResponse.swift */; };
		4A025F842505769B006D1DDE /* StudentInformation.swift in Sources */ = {isa = PBXBuildFile; fileRef = 4A025F832505769B006D1DDE /* StudentInformation.swift */; };
		4A025F8625057949006D1DDE /* GetStudentInformationInteractor.swift in Sources */ = {isa = PBXBuildFile; fileRef = 4A025F8525057949006D1DDE /* GetStudentInformationInteractor.swift */; };
		4A025F8825057AE2006D1DDE /* GetStudenInformationResponse.swift in Sources */ = {isa = PBXBuildFile; fileRef = 4A025F8725057AE2006D1DDE /* GetStudenInformationResponse.swift */; };
		4A025F8A25057DB6006D1DDE /* StudentListViewController.swift in Sources */ = {isa = PBXBuildFile; fileRef = 4A025F8925057DB6006D1DDE /* StudentListViewController.swift */; };
		4A025F8C25058217006D1DDE /* StudentCellView.swift in Sources */ = {isa = PBXBuildFile; fileRef = 4A025F8B25058217006D1DDE /* StudentCellView.swift */; };
		4A1E5ADB25050DB400CEBB45 /* LoginRequest.swift in Sources */ = {isa = PBXBuildFile; fileRef = 4A1E5ADA25050DB400CEBB45 /* LoginRequest.swift */; };
		4A1E5ADF25050F6D00CEBB45 /* Endpoints.swift in Sources */ = {isa = PBXBuildFile; fileRef = 4A1E5ADE25050F6D00CEBB45 /* Endpoints.swift */; };
		4A1E5AE825051F5200CEBB45 /* NetworkClient.swift in Sources */ = {isa = PBXBuildFile; fileRef = 4A1E5AE725051F5200CEBB45 /* NetworkClient.swift */; };
		4A1E5AEA2505209B00CEBB45 /* LoginResponse.swift in Sources */ = {isa = PBXBuildFile; fileRef = 4A1E5AE92505209B00CEBB45 /* LoginResponse.swift */; };
		4A1E5AED2505214300CEBB45 /* LoginInteractor.swift in Sources */ = {isa = PBXBuildFile; fileRef = 4A1E5AEC2505214300CEBB45 /* LoginInteractor.swift */; };
		4AD2F18D25043F4A0046F98D /* AppDelegate.swift in Sources */ = {isa = PBXBuildFile; fileRef = 4AD2F18C25043F4A0046F98D /* AppDelegate.swift */; };
		4AD2F18F25043F4A0046F98D /* SceneDelegate.swift in Sources */ = {isa = PBXBuildFile; fileRef = 4AD2F18E25043F4A0046F98D /* SceneDelegate.swift */; };
		4AD2F19125043F4A0046F98D /* LoginViewController.swift in Sources */ = {isa = PBXBuildFile; fileRef = 4AD2F19025043F4A0046F98D /* LoginViewController.swift */; };
		4AD2F19425043F4A0046F98D /* Main.storyboard in Resources */ = {isa = PBXBuildFile; fileRef = 4AD2F19225043F4A0046F98D /* Main.storyboard */; };
		4AD2F19625043F4C0046F98D /* Assets.xcassets in Resources */ = {isa = PBXBuildFile; fileRef = 4AD2F19525043F4C0046F98D /* Assets.xcassets */; };
		4AD2F19925043F4C0046F98D /* LaunchScreen.storyboard in Resources */ = {isa = PBXBuildFile; fileRef = 4AD2F19725043F4C0046F98D /* LaunchScreen.storyboard */; };
		4AE7E4AA25055122003D6738 /* ErrorResponse.swift in Sources */ = {isa = PBXBuildFile; fileRef = 4AE7E4A925055122003D6738 /* ErrorResponse.swift */; };
		4AE7E4AD25055B08003D6738 /* LoginTextField.swift in Sources */ = {isa = PBXBuildFile; fileRef = 4AE7E4AC25055B08003D6738 /* LoginTextField.swift */; };
		4AE7E4AF25055B84003D6738 /* UIColor.swift in Sources */ = {isa = PBXBuildFile; fileRef = 4AE7E4AE25055B84003D6738 /* UIColor.swift */; };
		4AE7E4B125055BED003D6738 /* Colors.xcassets in Resources */ = {isa = PBXBuildFile; fileRef = 4AE7E4B025055BED003D6738 /* Colors.xcassets */; };
		4AE7E4B325055D91003D6738 /* LoginButton.swift in Sources */ = {isa = PBXBuildFile; fileRef = 4AE7E4B225055D91003D6738 /* LoginButton.swift */; };
/* End PBXBuildFile section */

/* Begin PBXFileReference section */
		4A025F7925056E55006D1DDE /* HomeTabBarController.swift */ = {isa = PBXFileReference; lastKnownFileType = sourcecode.swift; path = HomeTabBarController.swift; sourceTree = "<group>"; };
		4A025F7B25057068006D1DDE /* LogoutInteractor.swift */ = {isa = PBXFileReference; lastKnownFileType = sourcecode.swift; path = LogoutInteractor.swift; sourceTree = "<group>"; };
		4A025F7D250571E3006D1DDE /* LogoutRequest.swift */ = {isa = PBXFileReference; lastKnownFileType = sourcecode.swift; path = LogoutRequest.swift; sourceTree = "<group>"; };
		4A025F7F25057405006D1DDE /* UIViewController+Alert.swift */ = {isa = PBXFileReference; lastKnownFileType = sourcecode.swift; path = "UIViewController+Alert.swift"; sourceTree = "<group>"; };
		4A025F81250574FA006D1DDE /* LogoutResponse.swift */ = {isa = PBXFileReference; lastKnownFileType = sourcecode.swift; path = LogoutResponse.swift; sourceTree = "<group>"; };
		4A025F832505769B006D1DDE /* StudentInformation.swift */ = {isa = PBXFileReference; lastKnownFileType = sourcecode.swift; path = StudentInformation.swift; sourceTree = "<group>"; };
		4A025F8525057949006D1DDE /* GetStudentInformationInteractor.swift */ = {isa = PBXFileReference; lastKnownFileType = sourcecode.swift; path = GetStudentInformationInteractor.swift; sourceTree = "<group>"; };
		4A025F8725057AE2006D1DDE /* GetStudenInformationResponse.swift */ = {isa = PBXFileReference; lastKnownFileType = sourcecode.swift; path = GetStudenInformationResponse.swift; sourceTree = "<group>"; };
		4A025F8925057DB6006D1DDE /* StudentListViewController.swift */ = {isa = PBXFileReference; lastKnownFileType = sourcecode.swift; path = StudentListViewController.swift; sourceTree = "<group>"; };
		4A025F8B25058217006D1DDE /* StudentCellView.swift */ = {isa = PBXFileReference; lastKnownFileType = sourcecode.swift; path = StudentCellView.swift; sourceTree = "<group>"; };
		4A1E5ADA25050DB400CEBB45 /* LoginRequest.swift */ = {isa = PBXFileReference; lastKnownFileType = sourcecode.swift; path = LoginRequest.swift; sourceTree = "<group>"; };
		4A1E5ADE25050F6D00CEBB45 /* Endpoints.swift */ = {isa = PBXFileReference; lastKnownFileType = sourcecode.swift; path = Endpoints.swift; sourceTree = "<group>"; };
		4A1E5AE725051F5200CEBB45 /* NetworkClient.swift */ = {isa = PBXFileReference; lastKnownFileType = sourcecode.swift; path = NetworkClient.swift; sourceTree = "<group>"; };
		4A1E5AE92505209B00CEBB45 /* LoginResponse.swift */ = {isa = PBXFileReference; lastKnownFileType = sourcecode.swift; path = LoginResponse.swift; sourceTree = "<group>"; };
		4A1E5AEC2505214300CEBB45 /* LoginInteractor.swift */ = {isa = PBXFileReference; lastKnownFileType = sourcecode.swift; path = LoginInteractor.swift; sourceTree = "<group>"; };
		4AD2F18925043F4A0046F98D /* On the Map.app */ = {isa = PBXFileReference; explicitFileType = wrapper.application; includeInIndex = 0; path = "On the Map.app"; sourceTree = BUILT_PRODUCTS_DIR; };
		4AD2F18C25043F4A0046F98D /* AppDelegate.swift */ = {isa = PBXFileReference; lastKnownFileType = sourcecode.swift; path = AppDelegate.swift; sourceTree = "<group>"; };
		4AD2F18E25043F4A0046F98D /* SceneDelegate.swift */ = {isa = PBXFileReference; lastKnownFileType = sourcecode.swift; path = SceneDelegate.swift; sourceTree = "<group>"; };
		4AD2F19025043F4A0046F98D /* LoginViewController.swift */ = {isa = PBXFileReference; lastKnownFileType = sourcecode.swift; path = LoginViewController.swift; sourceTree = "<group>"; };
		4AD2F19325043F4A0046F98D /* Base */ = {isa = PBXFileReference; lastKnownFileType = file.storyboard; name = Base; path = Base.lproj/Main.storyboard; sourceTree = "<group>"; };
		4AD2F19525043F4C0046F98D /* Assets.xcassets */ = {isa = PBXFileReference; lastKnownFileType = folder.assetcatalog; path = Assets.xcassets; sourceTree = "<group>"; };
		4AD2F19825043F4C0046F98D /* Base */ = {isa = PBXFileReference; lastKnownFileType = file.storyboard; name = Base; path = Base.lproj/LaunchScreen.storyboard; sourceTree = "<group>"; };
		4AD2F19A25043F4C0046F98D /* Info.plist */ = {isa = PBXFileReference; lastKnownFileType = text.plist.xml; path = Info.plist; sourceTree = "<group>"; };
		4AE7E4A925055122003D6738 /* ErrorResponse.swift */ = {isa = PBXFileReference; lastKnownFileType = sourcecode.swift; path = ErrorResponse.swift; sourceTree = "<group>"; };
		4AE7E4AC25055B08003D6738 /* LoginTextField.swift */ = {isa = PBXFileReference; lastKnownFileType = sourcecode.swift; path = LoginTextField.swift; sourceTree = "<group>"; };
		4AE7E4AE25055B84003D6738 /* UIColor.swift */ = {isa = PBXFileReference; lastKnownFileType = sourcecode.swift; path = UIColor.swift; sourceTree = "<group>"; };
		4AE7E4B025055BED003D6738 /* Colors.xcassets */ = {isa = PBXFileReference; lastKnownFileType = folder.assetcatalog; path = Colors.xcassets; sourceTree = "<group>"; };
		4AE7E4B225055D91003D6738 /* LoginButton.swift */ = {isa = PBXFileReference; lastKnownFileType = sourcecode.swift; path = LoginButton.swift; sourceTree = "<group>"; };
/* End PBXFileReference section */

/* Begin PBXFrameworksBuildPhase section */
		4AD2F18625043F4A0046F98D /* Frameworks */ = {
			isa = PBXFrameworksBuildPhase;
			buildActionMask = 2147483647;
			files = (
			);
			runOnlyForDeploymentPostprocessing = 0;
		};
/* End PBXFrameworksBuildPhase section */

/* Begin PBXGroup section */
		4A1E5AD725050D9400CEBB45 /* model */ = {
			isa = PBXGroup;
			children = (
				4A1E5AEB2505213100CEBB45 /* intercators */,
				4A1E5AE525051F2F00CEBB45 /* network */,
				4A1E5ADD25050F5C00CEBB45 /* response */,
				4A1E5ADC25050F4100CEBB45 /* request */,
			);
			path = model;
			sourceTree = "<group>";
		};
		4A1E5ADC25050F4100CEBB45 /* request */ = {
			isa = PBXGroup;
			children = (
				4A1E5ADA25050DB400CEBB45 /* LoginRequest.swift */,
				4A025F7D250571E3006D1DDE /* LogoutRequest.swift */,
			);
			path = request;
			sourceTree = "<group>";
		};
		4A1E5ADD25050F5C00CEBB45 /* response */ = {
			isa = PBXGroup;
			children = (
				4A1E5AE92505209B00CEBB45 /* LoginResponse.swift */,
				4AE7E4A925055122003D6738 /* ErrorResponse.swift */,
				4A025F81250574FA006D1DDE /* LogoutResponse.swift */,
				4A025F832505769B006D1DDE /* StudentInformation.swift */,
				4A025F8725057AE2006D1DDE /* GetStudenInformationResponse.swift */,
			);
			path = response;
			sourceTree = "<group>";
		};
		4A1E5AE225051A4A00CEBB45 /* controller */ = {
			isa = PBXGroup;
			children = (
				4AD2F19025043F4A0046F98D /* LoginViewController.swift */,
				4A025F7925056E55006D1DDE /* HomeTabBarController.swift */,
				4A025F7F25057405006D1DDE /* UIViewController+Alert.swift */,
				4A025F8925057DB6006D1DDE /* StudentListViewController.swift */,
			);
			path = controller;
			sourceTree = "<group>";
		};
		4A1E5AE525051F2F00CEBB45 /* network */ = {
			isa = PBXGroup;
			children = (
				4A1E5ADE25050F6D00CEBB45 /* Endpoints.swift */,
				4A1E5AE725051F5200CEBB45 /* NetworkClient.swift */,
			);
			path = network;
			sourceTree = "<group>";
		};
		4A1E5AEB2505213100CEBB45 /* intercators */ = {
			isa = PBXGroup;
			children = (
				4A1E5AEC2505214300CEBB45 /* LoginInteractor.swift */,
				4A025F7B25057068006D1DDE /* LogoutInteractor.swift */,
				4A025F8525057949006D1DDE /* GetStudentInformationInteractor.swift */,
			);
			path = intercators;
			sourceTree = "<group>";
		};
		4AD2F18025043F4A0046F98D = {
			isa = PBXGroup;
			children = (
				4AD2F18B25043F4A0046F98D /* On the Map */,
				4AD2F18A25043F4A0046F98D /* Products */,
			);
			sourceTree = "<group>";
		};
		4AD2F18A25043F4A0046F98D /* Products */ = {
			isa = PBXGroup;
			children = (
				4AD2F18925043F4A0046F98D /* On the Map.app */,
			);
			name = Products;
			sourceTree = "<group>";
		};
		4AD2F18B25043F4A0046F98D /* On the Map */ = {
			isa = PBXGroup;
			children = (
				4AE7E4AB25055AF9003D6738 /* view */,
				4A1E5AE225051A4A00CEBB45 /* controller */,
				4A1E5AD725050D9400CEBB45 /* model */,
				4AD2F18C25043F4A0046F98D /* AppDelegate.swift */,
				4AD2F18E25043F4A0046F98D /* SceneDelegate.swift */,
				4AD2F19225043F4A0046F98D /* Main.storyboard */,
				4AD2F19525043F4C0046F98D /* Assets.xcassets */,
				4AD2F19725043F4C0046F98D /* LaunchScreen.storyboard */,
				4AD2F19A25043F4C0046F98D /* Info.plist */,
				4AE7E4B025055BED003D6738 /* Colors.xcassets */,
			);
			path = "On the Map";
			sourceTree = "<group>";
		};
		4AE7E4AB25055AF9003D6738 /* view */ = {
			isa = PBXGroup;
			children = (
				4AE7E4AC25055B08003D6738 /* LoginTextField.swift */,
				4AE7E4AE25055B84003D6738 /* UIColor.swift */,
				4AE7E4B225055D91003D6738 /* LoginButton.swift */,
				4A025F8B25058217006D1DDE /* StudentCellView.swift */,
			);
			path = view;
			sourceTree = "<group>";
		};
/* End PBXGroup section */

/* Begin PBXNativeTarget section */
		4AD2F18825043F4A0046F98D /* On the Map */ = {
			isa = PBXNativeTarget;
			buildConfigurationList = 4AD2F19D25043F4C0046F98D /* Build configuration list for PBXNativeTarget "On the Map" */;
			buildPhases = (
				4AD2F18525043F4A0046F98D /* Sources */,
				4AD2F18625043F4A0046F98D /* Frameworks */,
				4AD2F18725043F4A0046F98D /* Resources */,
			);
			buildRules = (
			);
			dependencies = (
			);
			name = "On the Map";
			productName = "On the Map";
			productReference = 4AD2F18925043F4A0046F98D /* On the Map.app */;
			productType = "com.apple.product-type.application";
		};
/* End PBXNativeTarget section */

/* Begin PBXProject section */
		4AD2F18125043F4A0046F98D /* Project object */ = {
			isa = PBXProject;
			attributes = {
				LastSwiftUpdateCheck = 1200;
				LastUpgradeCheck = 1200;
				TargetAttributes = {
					4AD2F18825043F4A0046F98D = {
						CreatedOnToolsVersion = 12.0;
					};
				};
			};
			buildConfigurationList = 4AD2F18425043F4A0046F98D /* Build configuration list for PBXProject "On the Map" */;
			compatibilityVersion = "Xcode 9.3";
			developmentRegion = en;
			hasScannedForEncodings = 0;
			knownRegions = (
				en,
				Base,
			);
			mainGroup = 4AD2F18025043F4A0046F98D;
			productRefGroup = 4AD2F18A25043F4A0046F98D /* Products */;
			projectDirPath = "";
			projectRoot = "";
			targets = (
				4AD2F18825043F4A0046F98D /* On the Map */,
			);
		};
/* End PBXProject section */

/* Begin PBXResourcesBuildPhase section */
		4AD2F18725043F4A0046F98D /* Resources */ = {
			isa = PBXResourcesBuildPhase;
			buildActionMask = 2147483647;
			files = (
				4AD2F19925043F4C0046F98D /* LaunchScreen.storyboard in Resources */,
				4AE7E4B125055BED003D6738 /* Colors.xcassets in Resources */,
				4AD2F19625043F4C0046F98D /* Assets.xcassets in Resources */,
				4AD2F19425043F4A0046F98D /* Main.storyboard in Resources */,
			);
			runOnlyForDeploymentPostprocessing = 0;
		};
/* End PBXResourcesBuildPhase section */

/* Begin PBXSourcesBuildPhase section */
		4AD2F18525043F4A0046F98D /* Sources */ = {
			isa = PBXSourcesBuildPhase;
			buildActionMask = 2147483647;
			files = (
				4AD2F19125043F4A0046F98D /* LoginViewController.swift in Sources */,
				4A025F7E250571E3006D1DDE /* LogoutRequest.swift in Sources */,
				4AE7E4AF25055B84003D6738 /* UIColor.swift in Sources */,
				4A025F8025057405006D1DDE /* UIViewController+Alert.swift in Sources */,
				4A025F7A25056E55006D1DDE /* HomeTabBarController.swift in Sources */,
				4AD2F18D25043F4A0046F98D /* AppDelegate.swift in Sources */,
				4A025F842505769B006D1DDE /* StudentInformation.swift in Sources */,
				4A025F8A25057DB6006D1DDE /* StudentListViewController.swift in Sources */,
				4AD2F18F25043F4A0046F98D /* SceneDelegate.swift in Sources */,
				4A1E5ADB25050DB400CEBB45 /* LoginRequest.swift in Sources */,
				4A025F8C25058217006D1DDE /* StudentCellView.swift in Sources */,
				4A1E5AE825051F5200CEBB45 /* NetworkClient.swift in Sources */,
				4A025F82250574FA006D1DDE /* LogoutResponse.swift in Sources */,
				4AE7E4AA25055122003D6738 /* ErrorResponse.swift in Sources */,
				4A025F8625057949006D1DDE /* GetStudentInformationInteractor.swift in Sources */,
				4A025F7C25057068006D1DDE /* LogoutInteractor.swift in Sources */,
				4AE7E4AD25055B08003D6738 /* LoginTextField.swift in Sources */,
				4A1E5AEA2505209B00CEBB45 /* LoginResponse.swift in Sources */,
				4A1E5ADF25050F6D00CEBB45 /* Endpoints.swift in Sources */,
				4A025F8825057AE2006D1DDE /* GetStudenInformationResponse.swift in Sources */,
				4A1E5AED2505214300CEBB45 /* LoginInteractor.swift in Sources */,
				4AE7E4B325055D91003D6738 /* LoginButton.swift in Sources */,
			);
			runOnlyForDeploymentPostprocessing = 0;
		};
/* End PBXSourcesBuildPhase section */

/* Begin PBXVariantGroup section */
		4AD2F19225043F4A0046F98D /* Main.storyboard */ = {
			isa = PBXVariantGroup;
			children = (
				4AD2F19325043F4A0046F98D /* Base */,
			);
			name = Main.storyboard;
			sourceTree = "<group>";
		};
		4AD2F19725043F4C0046F98D /* LaunchScreen.storyboard */ = {
			isa = PBXVariantGroup;
			children = (
				4AD2F19825043F4C0046F98D /* Base */,
			);
			name = LaunchScreen.storyboard;
			sourceTree = "<group>";
		};
/* End PBXVariantGroup section */

/* Begin XCBuildConfiguration section */
		4AD2F19B25043F4C0046F98D /* Debug */ = {
			isa = XCBuildConfiguration;
			buildSettings = {
				ALWAYS_SEARCH_USER_PATHS = NO;
				CLANG_ANALYZER_NONNULL = YES;
				CLANG_ANALYZER_NUMBER_OBJECT_CONVERSION = YES_AGGRESSIVE;
				CLANG_CXX_LANGUAGE_STANDARD = "gnu++14";
				CLANG_CXX_LIBRARY = "libc++";
				CLANG_ENABLE_MODULES = YES;
				CLANG_ENABLE_OBJC_ARC = YES;
				CLANG_ENABLE_OBJC_WEAK = YES;
				CLANG_WARN_BLOCK_CAPTURE_AUTORELEASING = YES;
				CLANG_WARN_BOOL_CONVERSION = YES;
				CLANG_WARN_COMMA = YES;
				CLANG_WARN_CONSTANT_CONVERSION = YES;
				CLANG_WARN_DEPRECATED_OBJC_IMPLEMENTATIONS = YES;
				CLANG_WARN_DIRECT_OBJC_ISA_USAGE = YES_ERROR;
				CLANG_WARN_DOCUMENTATION_COMMENTS = YES;
				CLANG_WARN_EMPTY_BODY = YES;
				CLANG_WARN_ENUM_CONVERSION = YES;
				CLANG_WARN_INFINITE_RECURSION = YES;
				CLANG_WARN_INT_CONVERSION = YES;
				CLANG_WARN_NON_LITERAL_NULL_CONVERSION = YES;
				CLANG_WARN_OBJC_IMPLICIT_RETAIN_SELF = YES;
				CLANG_WARN_OBJC_LITERAL_CONVERSION = YES;
				CLANG_WARN_OBJC_ROOT_CLASS = YES_ERROR;
				CLANG_WARN_QUOTED_INCLUDE_IN_FRAMEWORK_HEADER = YES;
				CLANG_WARN_RANGE_LOOP_ANALYSIS = YES;
				CLANG_WARN_STRICT_PROTOTYPES = YES;
				CLANG_WARN_SUSPICIOUS_MOVE = YES;
				CLANG_WARN_UNGUARDED_AVAILABILITY = YES_AGGRESSIVE;
				CLANG_WARN_UNREACHABLE_CODE = YES;
				CLANG_WARN__DUPLICATE_METHOD_MATCH = YES;
				COPY_PHASE_STRIP = NO;
				DEBUG_INFORMATION_FORMAT = dwarf;
				ENABLE_STRICT_OBJC_MSGSEND = YES;
				ENABLE_TESTABILITY = YES;
				GCC_C_LANGUAGE_STANDARD = gnu11;
				GCC_DYNAMIC_NO_PIC = NO;
				GCC_NO_COMMON_BLOCKS = YES;
				GCC_OPTIMIZATION_LEVEL = 0;
				GCC_PREPROCESSOR_DEFINITIONS = (
					"DEBUG=1",
					"$(inherited)",
				);
				GCC_WARN_64_TO_32_BIT_CONVERSION = YES;
				GCC_WARN_ABOUT_RETURN_TYPE = YES_ERROR;
				GCC_WARN_UNDECLARED_SELECTOR = YES;
				GCC_WARN_UNINITIALIZED_AUTOS = YES_AGGRESSIVE;
				GCC_WARN_UNUSED_FUNCTION = YES;
				GCC_WARN_UNUSED_VARIABLE = YES;
				IPHONEOS_DEPLOYMENT_TARGET = 14.0;
				MTL_ENABLE_DEBUG_INFO = INCLUDE_SOURCE;
				MTL_FAST_MATH = YES;
				ONLY_ACTIVE_ARCH = YES;
				SDKROOT = iphoneos;
				SWIFT_ACTIVE_COMPILATION_CONDITIONS = DEBUG;
				SWIFT_OPTIMIZATION_LEVEL = "-Onone";
			};
			name = Debug;
		};
		4AD2F19C25043F4C0046F98D /* Release */ = {
			isa = XCBuildConfiguration;
			buildSettings = {
				ALWAYS_SEARCH_USER_PATHS = NO;
				CLANG_ANALYZER_NONNULL = YES;
				CLANG_ANALYZER_NUMBER_OBJECT_CONVERSION = YES_AGGRESSIVE;
				CLANG_CXX_LANGUAGE_STANDARD = "gnu++14";
				CLANG_CXX_LIBRARY = "libc++";
				CLANG_ENABLE_MODULES = YES;
				CLANG_ENABLE_OBJC_ARC = YES;
				CLANG_ENABLE_OBJC_WEAK = YES;
				CLANG_WARN_BLOCK_CAPTURE_AUTORELEASING = YES;
				CLANG_WARN_BOOL_CONVERSION = YES;
				CLANG_WARN_COMMA = YES;
				CLANG_WARN_CONSTANT_CONVERSION = YES;
				CLANG_WARN_DEPRECATED_OBJC_IMPLEMENTATIONS = YES;
				CLANG_WARN_DIRECT_OBJC_ISA_USAGE = YES_ERROR;
				CLANG_WARN_DOCUMENTATION_COMMENTS = YES;
				CLANG_WARN_EMPTY_BODY = YES;
				CLANG_WARN_ENUM_CONVERSION = YES;
				CLANG_WARN_INFINITE_RECURSION = YES;
				CLANG_WARN_INT_CONVERSION = YES;
				CLANG_WARN_NON_LITERAL_NULL_CONVERSION = YES;
				CLANG_WARN_OBJC_IMPLICIT_RETAIN_SELF = YES;
				CLANG_WARN_OBJC_LITERAL_CONVERSION = YES;
				CLANG_WARN_OBJC_ROOT_CLASS = YES_ERROR;
				CLANG_WARN_QUOTED_INCLUDE_IN_FRAMEWORK_HEADER = YES;
				CLANG_WARN_RANGE_LOOP_ANALYSIS = YES;
				CLANG_WARN_STRICT_PROTOTYPES = YES;
				CLANG_WARN_SUSPICIOUS_MOVE = YES;
				CLANG_WARN_UNGUARDED_AVAILABILITY = YES_AGGRESSIVE;
				CLANG_WARN_UNREACHABLE_CODE = YES;
				CLANG_WARN__DUPLICATE_METHOD_MATCH = YES;
				COPY_PHASE_STRIP = NO;
				DEBUG_INFORMATION_FORMAT = "dwarf-with-dsym";
				ENABLE_NS_ASSERTIONS = NO;
				ENABLE_STRICT_OBJC_MSGSEND = YES;
				GCC_C_LANGUAGE_STANDARD = gnu11;
				GCC_NO_COMMON_BLOCKS = YES;
				GCC_WARN_64_TO_32_BIT_CONVERSION = YES;
				GCC_WARN_ABOUT_RETURN_TYPE = YES_ERROR;
				GCC_WARN_UNDECLARED_SELECTOR = YES;
				GCC_WARN_UNINITIALIZED_AUTOS = YES_AGGRESSIVE;
				GCC_WARN_UNUSED_FUNCTION = YES;
				GCC_WARN_UNUSED_VARIABLE = YES;
				IPHONEOS_DEPLOYMENT_TARGET = 14.0;
				MTL_ENABLE_DEBUG_INFO = NO;
				MTL_FAST_MATH = YES;
				SDKROOT = iphoneos;
				SWIFT_COMPILATION_MODE = wholemodule;
				SWIFT_OPTIMIZATION_LEVEL = "-O";
				VALIDATE_PRODUCT = YES;
			};
			name = Release;
		};
		4AD2F19E25043F4C0046F98D /* Debug */ = {
			isa = XCBuildConfiguration;
			buildSettings = {
				ASSETCATALOG_COMPILER_APPICON_NAME = AppIcon;
				ASSETCATALOG_COMPILER_GLOBAL_ACCENT_COLOR_NAME = AccentColor;
				CODE_SIGN_STYLE = Automatic;
				INFOPLIST_FILE = "On the Map/Info.plist";
				LD_RUNPATH_SEARCH_PATHS = (
					"$(inherited)",
					"@executable_path/Frameworks",
				);
				PRODUCT_BUNDLE_IDENTIFIER = "com.ohumenik.On-the-Map";
				PRODUCT_NAME = "$(TARGET_NAME)";
				SWIFT_VERSION = 5.0;
				TARGETED_DEVICE_FAMILY = "1,2";
			};
			name = Debug;
		};
		4AD2F19F25043F4C0046F98D /* Release */ = {
			isa = XCBuildConfiguration;
			buildSettings = {
				ASSETCATALOG_COMPILER_APPICON_NAME = AppIcon;
				ASSETCATALOG_COMPILER_GLOBAL_ACCENT_COLOR_NAME = AccentColor;
				CODE_SIGN_STYLE = Automatic;
				INFOPLIST_FILE = "On the Map/Info.plist";
				LD_RUNPATH_SEARCH_PATHS = (
					"$(inherited)",
					"@executable_path/Frameworks",
				);
				PRODUCT_BUNDLE_IDENTIFIER = "com.ohumenik.On-the-Map";
				PRODUCT_NAME = "$(TARGET_NAME)";
				SWIFT_VERSION = 5.0;
				TARGETED_DEVICE_FAMILY = "1,2";
			};
			name = Release;
		};
/* End XCBuildConfiguration section */

/* Begin XCConfigurationList section */
		4AD2F18425043F4A0046F98D /* Build configuration list for PBXProject "On the Map" */ = {
			isa = XCConfigurationList;
			buildConfigurations = (
				4AD2F19B25043F4C0046F98D /* Debug */,
				4AD2F19C25043F4C0046F98D /* Release */,
			);
			defaultConfigurationIsVisible = 0;
			defaultConfigurationName = Release;
		};
		4AD2F19D25043F4C0046F98D /* Build configuration list for PBXNativeTarget "On the Map" */ = {
			isa = XCConfigurationList;
			buildConfigurations = (
				4AD2F19E25043F4C0046F98D /* Debug */,
				4AD2F19F25043F4C0046F98D /* Release */,
			);
			defaultConfigurationIsVisible = 0;
			defaultConfigurationName = Release;
		};
/* End XCConfigurationList section */
	};
	rootObject = 4AD2F18125043F4A0046F98D /* Project object */;
}
